// !$*UTF8*$!
{
	archiveVersion = 1;
	classes = {
	};
	objectVersion = 56;
	objects = {

/* Begin PBXBuildFile section */
		AF11E8C02C04BBA900E22AEC /* ActivityPlusApp.swift in Sources */ = {isa = PBXBuildFile; fileRef = AF11E8BF2C04BBA900E22AEC /* ActivityPlusApp.swift */; };
		AF11E8C22C04BBA900E22AEC /* ContentView.swift in Sources */ = {isa = PBXBuildFile; fileRef = AF11E8C12C04BBA900E22AEC /* ContentView.swift */; };
		AF11E8C42C04BBAC00E22AEC /* Assets.xcassets in Resources */ = {isa = PBXBuildFile; fileRef = AF11E8C32C04BBAC00E22AEC /* Assets.xcassets */; };
		AF11E8C72C04BBAC00E22AEC /* Preview Assets.xcassets in Resources */ = {isa = PBXBuildFile; fileRef = AF11E8C62C04BBAC00E22AEC /* Preview Assets.xcassets */; };
		AF11E8D92C04D6F900E22AEC /* LoginView.swift in Sources */ = {isa = PBXBuildFile; fileRef = AF11E8D82C04D6F900E22AEC /* LoginView.swift */; };
		AF11E8DB2C04D7FB00E22AEC /* InputView.swift in Sources */ = {isa = PBXBuildFile; fileRef = AF11E8DA2C04D7FB00E22AEC /* InputView.swift */; };
		AF11E8DD2C04D89F00E22AEC /* RegistrationView.swift in Sources */ = {isa = PBXBuildFile; fileRef = AF11E8DC2C04D89F00E22AEC /* RegistrationView.swift */; };
		AF11E8DF2C04D90600E22AEC /* ProfileView.swift in Sources */ = {isa = PBXBuildFile; fileRef = AF11E8DE2C04D90600E22AEC /* ProfileView.swift */; };
		AF11E8E12C04D92700E22AEC /* SettingsRowView.swift in Sources */ = {isa = PBXBuildFile; fileRef = AF11E8E02C04D92700E22AEC /* SettingsRowView.swift */; };
		AF11E8E32C04DA2E00E22AEC /* User.swift in Sources */ = {isa = PBXBuildFile; fileRef = AF11E8E22C04DA2E00E22AEC /* User.swift */; };
		AF11E8E52C04DC3800E22AEC /* GoogleService-Info.plist in Resources */ = {isa = PBXBuildFile; fileRef = AF11E8E42C04DC3800E22AEC /* GoogleService-Info.plist */; };
		AF11E8E82C04DD2F00E22AEC /* FirebaseAuth in Frameworks */ = {isa = PBXBuildFile; productRef = AF11E8E72C04DD2F00E22AEC /* FirebaseAuth */; };
		AF11E8EA2C04DD2F00E22AEC /* FirebaseFirestore in Frameworks */ = {isa = PBXBuildFile; productRef = AF11E8E92C04DD2F00E22AEC /* FirebaseFirestore */; };
		AF11E8EC2C04DD2F00E22AEC /* FirebaseFirestoreSwift in Frameworks */ = {isa = PBXBuildFile; productRef = AF11E8EB2C04DD2F00E22AEC /* FirebaseFirestoreSwift */; };
		AF11E8EE2C04DD2F00E22AEC /* FirebaseStorage in Frameworks */ = {isa = PBXBuildFile; productRef = AF11E8ED2C04DD2F00E22AEC /* FirebaseStorage */; };
		AF11E8F22C04DD9300E22AEC /* AuthViewModel.swift in Sources */ = {isa = PBXBuildFile; fileRef = AF11E8F12C04DD9300E22AEC /* AuthViewModel.swift */; };
		AF197E942C22D848004DA31C /* YourFeedView.swift in Sources */ = {isa = PBXBuildFile; fileRef = AF197E932C22D848004DA31C /* YourFeedView.swift */; };
		AF197EA62C234468004DA31C /* ActivityLogView.swift in Sources */ = {isa = PBXBuildFile; fileRef = AF197EA52C234468004DA31C /* ActivityLogView.swift */; };
		AF197EA82C234835004DA31C /* DialView.swift in Sources */ = {isa = PBXBuildFile; fileRef = AF197EA72C234835004DA31C /* DialView.swift */; };
		AF197EAA2C234855004DA31C /* CircleView.swift in Sources */ = {isa = PBXBuildFile; fileRef = AF197EA92C234855004DA31C /* CircleView.swift */; };
		AF197EAD2C2348AD004DA31C /* healthManager.swift in Sources */ = {isa = PBXBuildFile; fileRef = AF197EAC2C2348AD004DA31C /* healthManager.swift */; };
		AF8663132C076132004F64B5 /* MainTabBarView.swift in Sources */ = {isa = PBXBuildFile; fileRef = AF8663122C076132004F64B5 /* MainTabBarView.swift */; };
		AFD6F3E92C24375700EAC41A /* DialHeaderView.swift in Sources */ = {isa = PBXBuildFile; fileRef = AFD6F3E82C24375700EAC41A /* DialHeaderView.swift */; };
/* End PBXBuildFile section */

/* Begin PBXFileReference section */
		AF11E8BC2C04BBA900E22AEC /* ActivityPlus.app */ = {isa = PBXFileReference; explicitFileType = wrapper.application; includeInIndex = 0; path = ActivityPlus.app; sourceTree = BUILT_PRODUCTS_DIR; };
		AF11E8BF2C04BBA900E22AEC /* ActivityPlusApp.swift */ = {isa = PBXFileReference; lastKnownFileType = sourcecode.swift; path = ActivityPlusApp.swift; sourceTree = "<group>"; };
		AF11E8C12C04BBA900E22AEC /* ContentView.swift */ = {isa = PBXFileReference; lastKnownFileType = sourcecode.swift; path = ContentView.swift; sourceTree = "<group>"; };
		AF11E8C32C04BBAC00E22AEC /* Assets.xcassets */ = {isa = PBXFileReference; lastKnownFileType = folder.assetcatalog; path = Assets.xcassets; sourceTree = "<group>"; };
		AF11E8C62C04BBAC00E22AEC /* Preview Assets.xcassets */ = {isa = PBXFileReference; lastKnownFileType = folder.assetcatalog; path = "Preview Assets.xcassets"; sourceTree = "<group>"; };
		AF11E8D82C04D6F900E22AEC /* LoginView.swift */ = {isa = PBXFileReference; lastKnownFileType = sourcecode.swift; path = LoginView.swift; sourceTree = "<group>"; };
		AF11E8DA2C04D7FB00E22AEC /* InputView.swift */ = {isa = PBXFileReference; lastKnownFileType = sourcecode.swift; path = InputView.swift; sourceTree = "<group>"; };
		AF11E8DC2C04D89F00E22AEC /* RegistrationView.swift */ = {isa = PBXFileReference; lastKnownFileType = sourcecode.swift; path = RegistrationView.swift; sourceTree = "<group>"; };
		AF11E8DE2C04D90600E22AEC /* ProfileView.swift */ = {isa = PBXFileReference; lastKnownFileType = sourcecode.swift; path = ProfileView.swift; sourceTree = "<group>"; };
		AF11E8E02C04D92700E22AEC /* SettingsRowView.swift */ = {isa = PBXFileReference; lastKnownFileType = sourcecode.swift; path = SettingsRowView.swift; sourceTree = "<group>"; };
		AF11E8E22C04DA2E00E22AEC /* User.swift */ = {isa = PBXFileReference; lastKnownFileType = sourcecode.swift; path = User.swift; sourceTree = "<group>"; };
		AF11E8E42C04DC3800E22AEC /* GoogleService-Info.plist */ = {isa = PBXFileReference; fileEncoding = 4; lastKnownFileType = text.plist.xml; path = "GoogleService-Info.plist"; sourceTree = SOURCE_ROOT; };
		AF11E8F12C04DD9300E22AEC /* AuthViewModel.swift */ = {isa = PBXFileReference; lastKnownFileType = sourcecode.swift; path = AuthViewModel.swift; sourceTree = "<group>"; };
		AF197E932C22D848004DA31C /* YourFeedView.swift */ = {isa = PBXFileReference; lastKnownFileType = sourcecode.swift; path = YourFeedView.swift; sourceTree = "<group>"; };
		AF197EA52C234468004DA31C /* ActivityLogView.swift */ = {isa = PBXFileReference; lastKnownFileType = sourcecode.swift; path = ActivityLogView.swift; sourceTree = "<group>"; };
		AF197EA72C234835004DA31C /* DialView.swift */ = {isa = PBXFileReference; lastKnownFileType = sourcecode.swift; path = DialView.swift; sourceTree = "<group>"; };
		AF197EA92C234855004DA31C /* CircleView.swift */ = {isa = PBXFileReference; lastKnownFileType = sourcecode.swift; path = CircleView.swift; sourceTree = "<group>"; };
		AF197EAC2C2348AD004DA31C /* healthManager.swift */ = {isa = PBXFileReference; lastKnownFileType = sourcecode.swift; path = healthManager.swift; sourceTree = "<group>"; };
		AF197EAE2C234C15004DA31C /* ActivityPlus.entitlements */ = {isa = PBXFileReference; lastKnownFileType = text.plist.entitlements; path = ActivityPlus.entitlements; sourceTree = "<group>"; };
		AF197EAF2C23541F004DA31C /* Info.plist */ = {isa = PBXFileReference; lastKnownFileType = text.plist; path = Info.plist; sourceTree = "<group>"; };
		AF8663122C076132004F64B5 /* MainTabBarView.swift */ = {isa = PBXFileReference; lastKnownFileType = sourcecode.swift; path = MainTabBarView.swift; sourceTree = "<group>"; };
		AFD6F3E82C24375700EAC41A /* DialHeaderView.swift */ = {isa = PBXFileReference; lastKnownFileType = sourcecode.swift; path = DialHeaderView.swift; sourceTree = "<group>"; };
/* End PBXFileReference section */

/* Begin PBXFrameworksBuildPhase section */
		AF11E8B92C04BBA900E22AEC /* Frameworks */ = {
			isa = PBXFrameworksBuildPhase;
			buildActionMask = 2147483647;
			files = (
				AF11E8E82C04DD2F00E22AEC /* FirebaseAuth in Frameworks */,
				AF11E8EE2C04DD2F00E22AEC /* FirebaseStorage in Frameworks */,
				AF11E8EA2C04DD2F00E22AEC /* FirebaseFirestore in Frameworks */,
				AF11E8EC2C04DD2F00E22AEC /* FirebaseFirestoreSwift in Frameworks */,
			);
			runOnlyForDeploymentPostprocessing = 0;
		};
/* End PBXFrameworksBuildPhase section */

/* Begin PBXGroup section */
		AF11E8B32C04BBA900E22AEC = {
			isa = PBXGroup;
			children = (
				AF11E8BE2C04BBA900E22AEC /* ActivityPlus */,
				AF11E8BD2C04BBA900E22AEC /* Products */,
			);
			sourceTree = "<group>";
		};
		AF11E8BD2C04BBA900E22AEC /* Products */ = {
			isa = PBXGroup;
			children = (
				AF11E8BC2C04BBA900E22AEC /* ActivityPlus.app */,
			);
			name = Products;
			sourceTree = "<group>";
		};
		AF11E8BE2C04BBA900E22AEC /* ActivityPlus */ = {
			isa = PBXGroup;
			children = (
				AF197EAF2C23541F004DA31C /* Info.plist */,
				AF197EAE2C234C15004DA31C /* ActivityPlus.entitlements */,
				AF11E8D42C04D64F00E22AEC /* App */,
				AF11E8D32C04D64E00E22AEC /* Components */,
				AF11E8D22C04D64D00E22AEC /* Core */,
				AF11E8D12C04D64800E22AEC /* Model */,
				AF11E8C32C04BBAC00E22AEC /* Assets.xcassets */,
				AF11E8E42C04DC3800E22AEC /* GoogleService-Info.plist */,
				AF11E8C52C04BBAC00E22AEC /* Preview Content */,
			);
			path = ActivityPlus;
			sourceTree = "<group>";
		};
		AF11E8C52C04BBAC00E22AEC /* Preview Content */ = {
			isa = PBXGroup;
			children = (
				AF11E8C62C04BBAC00E22AEC /* Preview Assets.xcassets */,
			);
			path = "Preview Content";
			sourceTree = "<group>";
		};
		AF11E8D12C04D64800E22AEC /* Model */ = {
			isa = PBXGroup;
			children = (
				AF11E8E22C04DA2E00E22AEC /* User.swift */,
			);
			path = Model;
			sourceTree = "<group>";
		};
		AF11E8D22C04D64D00E22AEC /* Core */ = {
			isa = PBXGroup;
			children = (
				AF197EAB2C23488F004DA31C /* Health */,
				AF197EA42C234422004DA31C /* Dial */,
				AF8663112C076119004F64B5 /* TabBar */,
				AF11E8D62C04D6BF00E22AEC /* Authentication */,
				AF11E8D72C04D6C700E22AEC /* Profile */,
				AF11E8D52C04D6B000E22AEC /* Root */,
			);
			path = Core;
			sourceTree = "<group>";
		};
		AF11E8D32C04D64E00E22AEC /* Components */ = {
			isa = PBXGroup;
			children = (
				AF11E8DA2C04D7FB00E22AEC /* InputView.swift */,
				AF11E8E02C04D92700E22AEC /* SettingsRowView.swift */,
			);
			path = Components;
			sourceTree = "<group>";
		};
		AF11E8D42C04D64F00E22AEC /* App */ = {
			isa = PBXGroup;
			children = (
				AF11E8BF2C04BBA900E22AEC /* ActivityPlusApp.swift */,
			);
			path = App;
			sourceTree = "<group>";
		};
		AF11E8D52C04D6B000E22AEC /* Root */ = {
			isa = PBXGroup;
			children = (
				AF11E8C12C04BBA900E22AEC /* ContentView.swift */,
			);
			path = Root;
			sourceTree = "<group>";
		};
		AF11E8D62C04D6BF00E22AEC /* Authentication */ = {
			isa = PBXGroup;
			children = (
				AF11E8F02C04DD7600E22AEC /* ViewModel */,
				AF11E8EF2C04DD6800E22AEC /* View */,
			);
			path = Authentication;
			sourceTree = "<group>";
		};
		AF11E8D72C04D6C700E22AEC /* Profile */ = {
			isa = PBXGroup;
			children = (
				AF11E8DE2C04D90600E22AEC /* ProfileView.swift */,
				AF197E932C22D848004DA31C /* YourFeedView.swift */,
				AF197EA52C234468004DA31C /* ActivityLogView.swift */,
			);
			path = Profile;
			sourceTree = "<group>";
		};
		AF11E8EF2C04DD6800E22AEC /* View */ = {
			isa = PBXGroup;
			children = (
				AF11E8D82C04D6F900E22AEC /* LoginView.swift */,
				AF11E8DC2C04D89F00E22AEC /* RegistrationView.swift */,
			);
			path = View;
			sourceTree = "<group>";
		};
		AF11E8F02C04DD7600E22AEC /* ViewModel */ = {
			isa = PBXGroup;
			children = (
				AF11E8F12C04DD9300E22AEC /* AuthViewModel.swift */,
			);
			path = ViewModel;
			sourceTree = "<group>";
		};
		AF197EA42C234422004DA31C /* Dial */ = {
			isa = PBXGroup;
			children = (
				AF197EA72C234835004DA31C /* DialView.swift */,
				AF197EA92C234855004DA31C /* CircleView.swift */,
				AFD6F3E82C24375700EAC41A /* DialHeaderView.swift */,
			);
			path = Dial;
			sourceTree = "<group>";
		};
		AF197EAB2C23488F004DA31C /* Health */ = {
			isa = PBXGroup;
			children = (
				AF197EAC2C2348AD004DA31C /* healthManager.swift */,
			);
			path = Health;
			sourceTree = "<group>";
		};
		AF8663112C076119004F64B5 /* TabBar */ = {
			isa = PBXGroup;
			children = (
				AF8663122C076132004F64B5 /* MainTabBarView.swift */,
			);
			path = TabBar;
			sourceTree = "<group>";
		};
/* End PBXGroup section */

/* Begin PBXNativeTarget section */
		AF11E8BB2C04BBA900E22AEC /* ActivityPlus */ = {
			isa = PBXNativeTarget;
			buildConfigurationList = AF11E8CA2C04BBAC00E22AEC /* Build configuration list for PBXNativeTarget "ActivityPlus" */;
			buildPhases = (
				AF11E8B82C04BBA900E22AEC /* Sources */,
				AF11E8B92C04BBA900E22AEC /* Frameworks */,
				AF11E8BA2C04BBA900E22AEC /* Resources */,
			);
			buildRules = (
			);
			dependencies = (
			);
			name = ActivityPlus;
			packageProductDependencies = (
				AF11E8E72C04DD2F00E22AEC /* FirebaseAuth */,
				AF11E8E92C04DD2F00E22AEC /* FirebaseFirestore */,
				AF11E8EB2C04DD2F00E22AEC /* FirebaseFirestoreSwift */,
				AF11E8ED2C04DD2F00E22AEC /* FirebaseStorage */,
			);
			productName = ActivityPlus;
			productReference = AF11E8BC2C04BBA900E22AEC /* ActivityPlus.app */;
			productType = "com.apple.product-type.application";
		};
/* End PBXNativeTarget section */

/* Begin PBXProject section */
		AF11E8B42C04BBA900E22AEC /* Project object */ = {
			isa = PBXProject;
			attributes = {
				BuildIndependentTargetsInParallel = 1;
				LastSwiftUpdateCheck = 1540;
				LastUpgradeCheck = 1540;
				TargetAttributes = {
					AF11E8BB2C04BBA900E22AEC = {
						CreatedOnToolsVersion = 15.4;
					};
				};
			};
			buildConfigurationList = AF11E8B72C04BBA900E22AEC /* Build configuration list for PBXProject "ActivityPlus" */;
			compatibilityVersion = "Xcode 14.0";
			developmentRegion = en;
			hasScannedForEncodings = 0;
			knownRegions = (
				en,
				Base,
			);
			mainGroup = AF11E8B32C04BBA900E22AEC;
			packageReferences = (
				AF11E8E62C04DD2F00E22AEC /* XCRemoteSwiftPackageReference "firebase-ios-sdk" */,
			);
			productRefGroup = AF11E8BD2C04BBA900E22AEC /* Products */;
			projectDirPath = "";
			projectRoot = "";
			targets = (
				AF11E8BB2C04BBA900E22AEC /* ActivityPlus */,
			);
		};
/* End PBXProject section */

/* Begin PBXResourcesBuildPhase section */
		AF11E8BA2C04BBA900E22AEC /* Resources */ = {
			isa = PBXResourcesBuildPhase;
			buildActionMask = 2147483647;
			files = (
				AF11E8C72C04BBAC00E22AEC /* Preview Assets.xcassets in Resources */,
				AF11E8C42C04BBAC00E22AEC /* Assets.xcassets in Resources */,
				AF11E8E52C04DC3800E22AEC /* GoogleService-Info.plist in Resources */,
			);
			runOnlyForDeploymentPostprocessing = 0;
		};
/* End PBXResourcesBuildPhase section */

/* Begin PBXSourcesBuildPhase section */
		AF11E8B82C04BBA900E22AEC /* Sources */ = {
			isa = PBXSourcesBuildPhase;
			buildActionMask = 2147483647;
			files = (
				AF197EA82C234835004DA31C /* DialView.swift in Sources */,
				AF11E8D92C04D6F900E22AEC /* LoginView.swift in Sources */,
				AF197E942C22D848004DA31C /* YourFeedView.swift in Sources */,
				AF11E8DB2C04D7FB00E22AEC /* InputView.swift in Sources */,
				AF11E8C22C04BBA900E22AEC /* ContentView.swift in Sources */,
				AF11E8C02C04BBA900E22AEC /* ActivityPlusApp.swift in Sources */,
				AF11E8E32C04DA2E00E22AEC /* User.swift in Sources */,
				AF8663132C076132004F64B5 /* MainTabBarView.swift in Sources */,
				AF11E8DF2C04D90600E22AEC /* ProfileView.swift in Sources */,
				AF11E8DD2C04D89F00E22AEC /* RegistrationView.swift in Sources */,
				AF11E8E12C04D92700E22AEC /* SettingsRowView.swift in Sources */,
				AF197EA62C234468004DA31C /* ActivityLogView.swift in Sources */,
				AF197EAA2C234855004DA31C /* CircleView.swift in Sources */,
				AFD6F3E92C24375700EAC41A /* DialHeaderView.swift in Sources */,
				AF11E8F22C04DD9300E22AEC /* AuthViewModel.swift in Sources */,
				AF197EAD2C2348AD004DA31C /* healthManager.swift in Sources */,
			);
			runOnlyForDeploymentPostprocessing = 0;
		};
/* End PBXSourcesBuildPhase section */

/* Begin XCBuildConfiguration section */
		AF11E8C82C04BBAC00E22AEC /* Debug */ = {
			isa = XCBuildConfiguration;
			buildSettings = {
				ALWAYS_SEARCH_USER_PATHS = NO;
				ASSETCATALOG_COMPILER_GENERATE_SWIFT_ASSET_SYMBOL_EXTENSIONS = YES;
				CLANG_ANALYZER_NONNULL = YES;
				CLANG_ANALYZER_NUMBER_OBJECT_CONVERSION = YES_AGGRESSIVE;
				CLANG_CXX_LANGUAGE_STANDARD = "gnu++20";
				CLANG_ENABLE_MODULES = YES;
				CLANG_ENABLE_OBJC_ARC = YES;
				CLANG_ENABLE_OBJC_WEAK = YES;
				CLANG_WARN_BLOCK_CAPTURE_AUTORELEASING = YES;
				CLANG_WARN_BOOL_CONVERSION = YES;
				CLANG_WARN_COMMA = YES;
				CLANG_WARN_CONSTANT_CONVERSION = YES;
				CLANG_WARN_DEPRECATED_OBJC_IMPLEMENTATIONS = YES;
				CLANG_WARN_DIRECT_OBJC_ISA_USAGE = YES_ERROR;
				CLANG_WARN_DOCUMENTATION_COMMENTS = YES;
				CLANG_WARN_EMPTY_BODY = YES;
				CLANG_WARN_ENUM_CONVERSION = YES;
				CLANG_WARN_INFINITE_RECURSION = YES;
				CLANG_WARN_INT_CONVERSION = YES;
				CLANG_WARN_NON_LITERAL_NULL_CONVERSION = YES;
				CLANG_WARN_OBJC_IMPLICIT_RETAIN_SELF = YES;
				CLANG_WARN_OBJC_LITERAL_CONVERSION = YES;
				CLANG_WARN_OBJC_ROOT_CLASS = YES_ERROR;
				CLANG_WARN_QUOTED_INCLUDE_IN_FRAMEWORK_HEADER = YES;
				CLANG_WARN_RANGE_LOOP_ANALYSIS = YES;
				CLANG_WARN_STRICT_PROTOTYPES = YES;
				CLANG_WARN_SUSPICIOUS_MOVE = YES;
				CLANG_WARN_UNGUARDED_AVAILABILITY = YES_AGGRESSIVE;
				CLANG_WARN_UNREACHABLE_CODE = YES;
				CLANG_WARN__DUPLICATE_METHOD_MATCH = YES;
				COPY_PHASE_STRIP = NO;
				DEBUG_INFORMATION_FORMAT = dwarf;
				ENABLE_STRICT_OBJC_MSGSEND = YES;
				ENABLE_TESTABILITY = YES;
				ENABLE_USER_SCRIPT_SANDBOXING = YES;
				GCC_C_LANGUAGE_STANDARD = gnu17;
				GCC_DYNAMIC_NO_PIC = NO;
				GCC_NO_COMMON_BLOCKS = YES;
				GCC_OPTIMIZATION_LEVEL = 0;
				GCC_PREPROCESSOR_DEFINITIONS = (
					"DEBUG=1",
					"$(inherited)",
				);
				GCC_WARN_64_TO_32_BIT_CONVERSION = YES;
				GCC_WARN_ABOUT_RETURN_TYPE = YES_ERROR;
				GCC_WARN_UNDECLARED_SELECTOR = YES;
				GCC_WARN_UNINITIALIZED_AUTOS = YES_AGGRESSIVE;
				GCC_WARN_UNUSED_FUNCTION = YES;
				GCC_WARN_UNUSED_VARIABLE = YES;
				IPHONEOS_DEPLOYMENT_TARGET = 17.5;
				LOCALIZATION_PREFERS_STRING_CATALOGS = YES;
				MTL_ENABLE_DEBUG_INFO = INCLUDE_SOURCE;
				MTL_FAST_MATH = YES;
				ONLY_ACTIVE_ARCH = YES;
				SDKROOT = iphoneos;
				SWIFT_ACTIVE_COMPILATION_CONDITIONS = "DEBUG $(inherited)";
				SWIFT_OPTIMIZATION_LEVEL = "-Onone";
			};
			name = Debug;
		};
		AF11E8C92C04BBAC00E22AEC /* Release */ = {
			isa = XCBuildConfiguration;
			buildSettings = {
				ALWAYS_SEARCH_USER_PATHS = NO;
				ASSETCATALOG_COMPILER_GENERATE_SWIFT_ASSET_SYMBOL_EXTENSIONS = YES;
				CLANG_ANALYZER_NONNULL = YES;
				CLANG_ANALYZER_NUMBER_OBJECT_CONVERSION = YES_AGGRESSIVE;
				CLANG_CXX_LANGUAGE_STANDARD = "gnu++20";
				CLANG_ENABLE_MODULES = YES;
				CLANG_ENABLE_OBJC_ARC = YES;
				CLANG_ENABLE_OBJC_WEAK = YES;
				CLANG_WARN_BLOCK_CAPTURE_AUTORELEASING = YES;
				CLANG_WARN_BOOL_CONVERSION = YES;
				CLANG_WARN_COMMA = YES;
				CLANG_WARN_CONSTANT_CONVERSION = YES;
				CLANG_WARN_DEPRECATED_OBJC_IMPLEMENTATIONS = YES;
				CLANG_WARN_DIRECT_OBJC_ISA_USAGE = YES_ERROR;
				CLANG_WARN_DOCUMENTATION_COMMENTS = YES;
				CLANG_WARN_EMPTY_BODY = YES;
				CLANG_WARN_ENUM_CONVERSION = YES;
				CLANG_WARN_INFINITE_RECURSION = YES;
				CLANG_WARN_INT_CONVERSION = YES;
				CLANG_WARN_NON_LITERAL_NULL_CONVERSION = YES;
				CLANG_WARN_OBJC_IMPLICIT_RETAIN_SELF = YES;
				CLANG_WARN_OBJC_LITERAL_CONVERSION = YES;
				CLANG_WARN_OBJC_ROOT_CLASS = YES_ERROR;
				CLANG_WARN_QUOTED_INCLUDE_IN_FRAMEWORK_HEADER = YES;
				CLANG_WARN_RANGE_LOOP_ANALYSIS = YES;
				CLANG_WARN_STRICT_PROTOTYPES = YES;
				CLANG_WARN_SUSPICIOUS_MOVE = YES;
				CLANG_WARN_UNGUARDED_AVAILABILITY = YES_AGGRESSIVE;
				CLANG_WARN_UNREACHABLE_CODE = YES;
				CLANG_WARN__DUPLICATE_METHOD_MATCH = YES;
				COPY_PHASE_STRIP = NO;
				DEBUG_INFORMATION_FORMAT = "dwarf-with-dsym";
				ENABLE_NS_ASSERTIONS = NO;
				ENABLE_STRICT_OBJC_MSGSEND = YES;
				ENABLE_USER_SCRIPT_SANDBOXING = YES;
				GCC_C_LANGUAGE_STANDARD = gnu17;
				GCC_NO_COMMON_BLOCKS = YES;
				GCC_WARN_64_TO_32_BIT_CONVERSION = YES;
				GCC_WARN_ABOUT_RETURN_TYPE = YES_ERROR;
				GCC_WARN_UNDECLARED_SELECTOR = YES;
				GCC_WARN_UNINITIALIZED_AUTOS = YES_AGGRESSIVE;
				GCC_WARN_UNUSED_FUNCTION = YES;
				GCC_WARN_UNUSED_VARIABLE = YES;
				IPHONEOS_DEPLOYMENT_TARGET = 17.5;
				LOCALIZATION_PREFERS_STRING_CATALOGS = YES;
				MTL_ENABLE_DEBUG_INFO = NO;
				MTL_FAST_MATH = YES;
				SDKROOT = iphoneos;
				SWIFT_COMPILATION_MODE = wholemodule;
				VALIDATE_PRODUCT = YES;
			};
			name = Release;
		};
		AF11E8CB2C04BBAC00E22AEC /* Debug */ = {
			isa = XCBuildConfiguration;
			buildSettings = {
				ASSETCATALOG_COMPILER_APPICON_NAME = AppIcon;
				ASSETCATALOG_COMPILER_GLOBAL_ACCENT_COLOR_NAME = AccentColor;
				ASSETCATALOG_COMPILER_INCLUDE_ALL_APPICON_ASSETS = YES;
				CODE_SIGN_ENTITLEMENTS = ActivityPlus/ActivityPlus.entitlements;
				CODE_SIGN_STYLE = Automatic;
				CURRENT_PROJECT_VERSION = 1;
				DEVELOPMENT_ASSET_PATHS = "\"ActivityPlus/Preview Content\"";
				DEVELOPMENT_TEAM = A47TB7RL43;
				ENABLE_PREVIEWS = YES;
				GENERATE_INFOPLIST_FILE = YES;
				INFOPLIST_FILE = ActivityPlus/Info.plist;
				INFOPLIST_KEY_LSApplicationCategoryType = "";
				INFOPLIST_KEY_NSHealthShareUsageDescription = "Please allow access";
				INFOPLIST_KEY_NSHealthUpdateUsageDescription = "Please allow access";
				INFOPLIST_KEY_UIApplicationSceneManifest_Generation = YES;
				INFOPLIST_KEY_UIApplicationSupportsIndirectInputEvents = YES;
				INFOPLIST_KEY_UILaunchScreen_Generation = YES;
				INFOPLIST_KEY_UISupportedInterfaceOrientations_iPad = "UIInterfaceOrientationPortrait UIInterfaceOrientationPortraitUpsideDown UIInterfaceOrientationLandscapeLeft UIInterfaceOrientationLandscapeRight";
				INFOPLIST_KEY_UISupportedInterfaceOrientations_iPhone = "UIInterfaceOrientationPortrait UIInterfaceOrientationLandscapeLeft UIInterfaceOrientationLandscapeRight";
				LD_RUNPATH_SEARCH_PATHS = (
					"$(inherited)",
					"@executable_path/Frameworks",
				);
				MARKETING_VERSION = 1.0;
				PRODUCT_BUNDLE_IDENTIFIER = com.DavidMatos.ActivityPlus;
				PRODUCT_NAME = "$(TARGET_NAME)";
				SWIFT_EMIT_LOC_STRINGS = YES;
				SWIFT_VERSION = 5.0;
				TARGETED_DEVICE_FAMILY = "1,2";
			};
			name = Debug;
		};
		AF11E8CC2C04BBAC00E22AEC /* Release */ = {
			isa = XCBuildConfiguration;
			buildSettings = {
				ASSETCATALOG_COMPILER_APPICON_NAME = AppIcon;
				ASSETCATALOG_COMPILER_GLOBAL_ACCENT_COLOR_NAME = AccentColor;
				ASSETCATALOG_COMPILER_INCLUDE_ALL_APPICON_ASSETS = YES;
				CODE_SIGN_ENTITLEMENTS = ActivityPlus/ActivityPlus.entitlements;
				CODE_SIGN_STYLE = Automatic;
				CURRENT_PROJECT_VERSION = 1;
				DEVELOPMENT_ASSET_PATHS = "\"ActivityPlus/Preview Content\"";
				DEVELOPMENT_TEAM = A47TB7RL43;
				ENABLE_PREVIEWS = YES;
				GENERATE_INFOPLIST_FILE = YES;
				INFOPLIST_FILE = ActivityPlus/Info.plist;
				INFOPLIST_KEY_LSApplicationCategoryType = "";
				INFOPLIST_KEY_NSHealthShareUsageDescription = "Please allow access";
				INFOPLIST_KEY_NSHealthUpdateUsageDescription = "Please allow access";
				INFOPLIST_KEY_UIApplicationSceneManifest_Generation = YES;
				INFOPLIST_KEY_UIApplicationSupportsIndirectInputEvents = YES;
				INFOPLIST_KEY_UILaunchScreen_Generation = YES;
				INFOPLIST_KEY_UISupportedInterfaceOrientations_iPad = "UIInterfaceOrientationPortrait UIInterfaceOrientationPortraitUpsideDown UIInterfaceOrientationLandscapeLeft UIInterfaceOrientationLandscapeRight";
				INFOPLIST_KEY_UISupportedInterfaceOrientations_iPhone = "UIInterfaceOrientationPortrait UIInterfaceOrientationLandscapeLeft UIInterfaceOrientationLandscapeRight";
				LD_RUNPATH_SEARCH_PATHS = (
					"$(inherited)",
					"@executable_path/Frameworks",
				);
				MARKETING_VERSION = 1.0;
				PRODUCT_BUNDLE_IDENTIFIER = com.DavidMatos.ActivityPlus;
				PRODUCT_NAME = "$(TARGET_NAME)";
				SWIFT_EMIT_LOC_STRINGS = YES;
				SWIFT_VERSION = 5.0;
				TARGETED_DEVICE_FAMILY = "1,2";
			};
			name = Release;
		};
/* End XCBuildConfiguration section */

/* Begin XCConfigurationList section */
		AF11E8B72C04BBA900E22AEC /* Build configuration list for PBXProject "ActivityPlus" */ = {
			isa = XCConfigurationList;
			buildConfigurations = (
				AF11E8C82C04BBAC00E22AEC /* Debug */,
				AF11E8C92C04BBAC00E22AEC /* Release */,
			);
			defaultConfigurationIsVisible = 0;
			defaultConfigurationName = Release;
		};
		AF11E8CA2C04BBAC00E22AEC /* Build configuration list for PBXNativeTarget "ActivityPlus" */ = {
			isa = XCConfigurationList;
			buildConfigurations = (
				AF11E8CB2C04BBAC00E22AEC /* Debug */,
				AF11E8CC2C04BBAC00E22AEC /* Release */,
			);
			defaultConfigurationIsVisible = 0;
			defaultConfigurationName = Release;
		};
/* End XCConfigurationList section */

/* Begin XCRemoteSwiftPackageReference section */
		AF11E8E62C04DD2F00E22AEC /* XCRemoteSwiftPackageReference "firebase-ios-sdk" */ = {
			isa = XCRemoteSwiftPackageReference;
			repositoryURL = "https://github.com/firebase/firebase-ios-sdk";
			requirement = {
				kind = upToNextMajorVersion;
				minimumVersion = 10.26.0;
			};
		};
/* End XCRemoteSwiftPackageReference section */

/* Begin XCSwiftPackageProductDependency section */
		AF11E8E72C04DD2F00E22AEC /* FirebaseAuth */ = {
			isa = XCSwiftPackageProductDependency;
			package = AF11E8E62C04DD2F00E22AEC /* XCRemoteSwiftPackageReference "firebase-ios-sdk" */;
			productName = FirebaseAuth;
		};
		AF11E8E92C04DD2F00E22AEC /* FirebaseFirestore */ = {
			isa = XCSwiftPackageProductDependency;
			package = AF11E8E62C04DD2F00E22AEC /* XCRemoteSwiftPackageReference "firebase-ios-sdk" */;
			productName = FirebaseFirestore;
		};
		AF11E8EB2C04DD2F00E22AEC /* FirebaseFirestoreSwift */ = {
			isa = XCSwiftPackageProductDependency;
			package = AF11E8E62C04DD2F00E22AEC /* XCRemoteSwiftPackageReference "firebase-ios-sdk" */;
			productName = FirebaseFirestoreSwift;
		};
		AF11E8ED2C04DD2F00E22AEC /* FirebaseStorage */ = {
			isa = XCSwiftPackageProductDependency;
			package = AF11E8E62C04DD2F00E22AEC /* XCRemoteSwiftPackageReference "firebase-ios-sdk" */;
			productName = FirebaseStorage;
		};
/* End XCSwiftPackageProductDependency section */
	};
	rootObject = AF11E8B42C04BBA900E22AEC /* Project object */;
}
